// !$*UTF8*$!
{
	archiveVersion = 1;
	classes = {
	};
	objectVersion = 60;
	objects = {

/* Begin PBXBuildFile section */
		B00000000000000000000020 /* PasskeyAuthenticator.swift in Sources */ = {isa = PBXBuildFile; fileRef = B00000000000000000000014 /* PasskeyAuthenticator.swift */; };
		B00000000000000000000021 /* PasskeyStore.swift in Sources */ = {isa = PBXBuildFile; fileRef = B00000000000000000000015 /* PasskeyStore.swift */; };
		B00000000000000000000022 /* PasskeyIdentityIndex.swift in Sources */ = {isa = PBXBuildFile; fileRef = B00000000000000000000016 /* PasskeyIdentityIndex.swift */; };
		B00000000000000000000025 /* PasskeyDiagnostics.swift in Sources */ = {isa = PBXBuildFile; fileRef = B00000000000000000000018 /* PasskeyDiagnostics.swift */; };
		B00000000000000000000035 /* PasskeyDiagnostics.swift in Sources */ = {isa = PBXBuildFile; fileRef = B00000000000000000000018 /* PasskeyDiagnostics.swift */; };
		B00000000000000000000023 /* PasskeysView.swift in Sources */ = {isa = PBXBuildFile; fileRef = B00000000000000000000017 /* PasskeysView.swift */; };
		B00000000000000000000024 /* AegisPasskeyProvider.appex in Embed Foundation Extensions */ = {isa = PBXBuildFile; fileRef = B00000000000000000000002 /* AegisPasskeyProvider.appex */; settings = {ATTRIBUTES = (RemoveHeadersOnCopy, ); }; };
		B00000000000000000000030 /* CredentialProviderViewController.swift in Sources */ = {isa = PBXBuildFile; fileRef = B00000000000000000000010 /* CredentialProviderViewController.swift */; };
		B00000000000000000000031 /* PasskeyPromptViews.swift in Sources */ = {isa = PBXBuildFile; fileRef = B00000000000000000000011 /* PasskeyPromptViews.swift */; };
		B00000000000000000000032 /* PasskeyAuthenticator.swift in Sources */ = {isa = PBXBuildFile; fileRef = B00000000000000000000014 /* PasskeyAuthenticator.swift */; };
		B00000000000000000000033 /* PasskeyStore.swift in Sources */ = {isa = PBXBuildFile; fileRef = B00000000000000000000015 /* PasskeyStore.swift */; };
		B00000000000000000000034 /* PasskeyIdentityIndex.swift in Sources */ = {isa = PBXBuildFile; fileRef = B00000000000000000000016 /* PasskeyIdentityIndex.swift */; };
		A10000000000000000000001 /* VanguardAegisWalletApp.swift in Sources */ = {isa = PBXBuildFile; fileRef = A20000000000000000000001 /* VanguardAegisWalletApp.swift */; };
		A10000000000000000000002 /* AppView.swift in Sources */ = {isa = PBXBuildFile; fileRef = A20000000000000000000002 /* AppView.swift */; };
		A10000000000000000000003 /* DesignSystem.swift in Sources */ = {isa = PBXBuildFile; fileRef = A20000000000000000000003 /* DesignSystem.swift */; };
		A10000000000000000000004 /* Models.swift in Sources */ = {isa = PBXBuildFile; fileRef = A20000000000000000000004 /* Models.swift */; };
		A10000000000000000000005 /* WalletStore.swift in Sources */ = {isa = PBXBuildFile; fileRef = A20000000000000000000005 /* WalletStore.swift */; };
		A10000000000000000000006 /* OOBInvitationParser.swift in Sources */ = {isa = PBXBuildFile; fileRef = A20000000000000000000006 /* OOBInvitationParser.swift */; };
		A10000000000000000000007 /* QRCodeScannerView.swift in Sources */ = {isa = PBXBuildFile; fileRef = A20000000000000000000007 /* QRCodeScannerView.swift */; };
		A10000000000000000000008 /* HomeView.swift in Sources */ = {isa = PBXBuildFile; fileRef = A20000000000000000000008 /* HomeView.swift */; };
		A10000000000000000000090 /* WalletHelpView.swift in Sources */ = {isa = PBXBuildFile; fileRef = A20000000000000000000090 /* WalletHelpView.swift */; };
		A10000000000000000000009 /* ScanView.swift in Sources */ = {isa = PBXBuildFile; fileRef = A20000000000000000000009 /* ScanView.swift */; };
		A10000000000000000000010 /* ConnectionsView.swift in Sources */ = {isa = PBXBuildFile; fileRef = A20000000000000000000010 /* ConnectionsView.swift */; };
		A10000000000000000000011 /* SettingsView.swift in Sources */ = {isa = PBXBuildFile; fileRef = A20000000000000000000011 /* SettingsView.swift */; };
		A10000000000000000000012 /* LabAgentClient.swift in Sources */ = {isa = PBXBuildFile; fileRef = A20000000000000000000014 /* LabAgentClient.swift */; };
		A10000000000000000000013 /* OrganizationsView.swift in Sources */ = {isa = PBXBuildFile; fileRef = A20000000000000000000015 /* OrganizationsView.swift */; };
		A10000000000000000000014 /* vanguard-logo.png in Resources */ = {isa = PBXBuildFile; fileRef = A20000000000000000000016 /* vanguard-logo.png */; };
		A10000000000000000000015 /* vanguard-logo@2x.png in Resources */ = {isa = PBXBuildFile; fileRef = A20000000000000000000017 /* vanguard-logo@2x.png */; };
		A10000000000000000000016 /* vanguard-logo@3x.png in Resources */ = {isa = PBXBuildFile; fileRef = A20000000000000000000018 /* vanguard-logo@3x.png */; };
		A10000000000000000000017 /* LedgerView.swift in Sources */ = {isa = PBXBuildFile; fileRef = A20000000000000000000019 /* LedgerView.swift */; };
		A10000000000000000000018 /* Assets.xcassets in Resources */ = {isa = PBXBuildFile; fileRef = A20000000000000000000020 /* Assets.xcassets */; };
		A10000000000000000000019 /* AegisWalletEnvironment.swift in Sources */ = {isa = PBXBuildFile; fileRef = A20000000000000000000021 /* AegisWalletEnvironment.swift */; };
		A10000000000000000000050 /* WalletIdentity.swift in Sources */ = {isa = PBXBuildFile; fileRef = A20000000000000000000050 /* WalletIdentity.swift */; };
		A10000000000000000000051 /* WalletRegistrationClient.swift in Sources */ = {isa = PBXBuildFile; fileRef = A20000000000000000000051 /* WalletRegistrationClient.swift */; };
		A10000000000000000000052 /* WalletStore+Identity.swift in Sources */ = {isa = PBXBuildFile; fileRef = A20000000000000000000052 /* WalletStore+Identity.swift */; };
		A10000000000000000000053 /* WalletSetupView.swift in Sources */ = {isa = PBXBuildFile; fileRef = A20000000000000000000053 /* WalletSetupView.swift */; };
		A10000000000000000000054 /* WalletRecoveryView.swift in Sources */ = {isa = PBXBuildFile; fileRef = A20000000000000000000054 /* WalletRecoveryView.swift */; };
		A10000000000000000000055 /* WalletProfileView.swift in Sources */ = {isa = PBXBuildFile; fileRef = A20000000000000000000055 /* WalletProfileView.swift */; };
/* End PBXBuildFile section */

/* Begin PBXContainerItemProxy section */
		B0000000000000000000000A /* PBXContainerItemProxy */ = {
			isa = PBXContainerItemProxy;
			containerPortal = A60000000000000000000001 /* Project object */;
			proxyType = 1;
			remoteGlobalIDString = B00000000000000000000001;
			remoteInfo = AegisPasskeyProvider;
		};
/* End PBXContainerItemProxy section */

/* Begin PBXCopyFilesBuildPhase section */
		B00000000000000000000008 /* Embed Foundation Extensions */ = {
			isa = PBXCopyFilesBuildPhase;
			buildActionMask = 2147483647;
			dstPath = "";
			dstSubfolderSpec = 13;
			files = (
			);
			name = "Embed Foundation Extensions";
			runOnlyForDeploymentPostprocessing = 0;
		};
/* End PBXCopyFilesBuildPhase section */

/* Begin PBXFileReference section */
		B00000000000000000000014 /* PasskeyAuthenticator.swift */ = {isa = PBXFileReference; lastKnownFileType = sourcecode.swift; path = PasskeyAuthenticator.swift; sourceTree = "<group>"; };
		B00000000000000000000015 /* PasskeyStore.swift */ = {isa = PBXFileReference; lastKnownFileType = sourcecode.swift; path = PasskeyStore.swift; sourceTree = "<group>"; };
		B00000000000000000000016 /* PasskeyIdentityIndex.swift */ = {isa = PBXFileReference; lastKnownFileType = sourcecode.swift; path = PasskeyIdentityIndex.swift; sourceTree = "<group>"; };
		B00000000000000000000018 /* PasskeyDiagnostics.swift */ = {isa = PBXFileReference; lastKnownFileType = sourcecode.swift; path = PasskeyDiagnostics.swift; sourceTree = "<group>"; };
		B00000000000000000000017 /* PasskeysView.swift */ = {isa = PBXFileReference; lastKnownFileType = sourcecode.swift; path = PasskeysView.swift; sourceTree = "<group>"; };
		B00000000000000000000010 /* CredentialProviderViewController.swift */ = {isa = PBXFileReference; lastKnownFileType = sourcecode.swift; path = CredentialProviderViewController.swift; sourceTree = "<group>"; };
		B00000000000000000000011 /* PasskeyPromptViews.swift */ = {isa = PBXFileReference; lastKnownFileType = sourcecode.swift; path = PasskeyPromptViews.swift; sourceTree = "<group>"; };
		B00000000000000000000012 /* Info.plist */ = {isa = PBXFileReference; lastKnownFileType = text.plist.xml; path = Info.plist; sourceTree = "<group>"; };
		B00000000000000000000013 /* AegisPasskeyProvider.entitlements */ = {isa = PBXFileReference; lastKnownFileType = text.plist.entitlements; path = AegisPasskeyProvider.entitlements; sourceTree = "<group>"; };
		B00000000000000000000002 /* AegisPasskeyProvider.appex */ = {isa = PBXFileReference; explicitFileType = "wrapper.app-extension"; includeInIndex = 0; path = AegisPasskeyProvider.appex; sourceTree = BUILT_PRODUCTS_DIR; };
		A20000000000000000000001 /* VanguardAegisWalletApp.swift */ = {isa = PBXFileReference; lastKnownFileType = sourcecode.swift; path = VanguardAegisWalletApp.swift; sourceTree = "<group>"; };
		A20000000000000000000002 /* AppView.swift */ = {isa = PBXFileReference; lastKnownFileType = sourcecode.swift; path = AppView.swift; sourceTree = "<group>"; };
		A20000000000000000000003 /* DesignSystem.swift */ = {isa = PBXFileReference; lastKnownFileType = sourcecode.swift; path = DesignSystem.swift; sourceTree = "<group>"; };
		A20000000000000000000004 /* Models.swift */ = {isa = PBXFileReference; lastKnownFileType = sourcecode.swift; path = Models.swift; sourceTree = "<group>"; };
		A20000000000000000000005 /* WalletStore.swift */ = {isa = PBXFileReference; lastKnownFileType = sourcecode.swift; path = WalletStore.swift; sourceTree = "<group>"; };
		A20000000000000000000006 /* OOBInvitationParser.swift */ = {isa = PBXFileReference; lastKnownFileType = sourcecode.swift; path = OOBInvitationParser.swift; sourceTree = "<group>"; };
		A20000000000000000000007 /* QRCodeScannerView.swift */ = {isa = PBXFileReference; lastKnownFileType = sourcecode.swift; path = QRCodeScannerView.swift; sourceTree = "<group>"; };
		A20000000000000000000008 /* HomeView.swift */ = {isa = PBXFileReference; lastKnownFileType = sourcecode.swift; path = HomeView.swift; sourceTree = "<group>"; };
		A20000000000000000000090 /* WalletHelpView.swift */ = {isa = PBXFileReference; lastKnownFileType = sourcecode.swift; path = WalletHelpView.swift; sourceTree = "<group>"; };
		A20000000000000000000009 /* ScanView.swift */ = {isa = PBXFileReference; lastKnownFileType = sourcecode.swift; path = ScanView.swift; sourceTree = "<group>"; };
		A20000000000000000000010 /* ConnectionsView.swift */ = {isa = PBXFileReference; lastKnownFileType = sourcecode.swift; path = ConnectionsView.swift; sourceTree = "<group>"; };
		A20000000000000000000011 /* SettingsView.swift */ = {isa = PBXFileReference; lastKnownFileType = sourcecode.swift; path = SettingsView.swift; sourceTree = "<group>"; };
		A20000000000000000000012 /* Info.plist */ = {isa = PBXFileReference; lastKnownFileType = text.plist.xml; path = Info.plist; sourceTree = "<group>"; };
		A20000000000000000000013 /* VanguardAegisWallet.app */ = {isa = PBXFileReference; explicitFileType = wrapper.application; includeInIndex = 0; path = VanguardAegisWallet.app; sourceTree = BUILT_PRODUCTS_DIR; };
		A20000000000000000000014 /* LabAgentClient.swift */ = {isa = PBXFileReference; lastKnownFileType = sourcecode.swift; path = LabAgentClient.swift; sourceTree = "<group>"; };
		A20000000000000000000015 /* OrganizationsView.swift */ = {isa = PBXFileReference; lastKnownFileType = sourcecode.swift; path = OrganizationsView.swift; sourceTree = "<group>"; };
		A20000000000000000000016 /* vanguard-logo.png */ = {isa = PBXFileReference; lastKnownFileType = image.png; path = "vanguard-logo.png"; sourceTree = "<group>"; };
		A20000000000000000000017 /* vanguard-logo@2x.png */ = {isa = PBXFileReference; lastKnownFileType = image.png; path = "vanguard-logo@2x.png"; sourceTree = "<group>"; };
		A20000000000000000000018 /* vanguard-logo@3x.png */ = {isa = PBXFileReference; lastKnownFileType = image.png; path = "vanguard-logo@3x.png"; sourceTree = "<group>"; };
		A20000000000000000000019 /* LedgerView.swift */ = {isa = PBXFileReference; lastKnownFileType = sourcecode.swift; path = LedgerView.swift; sourceTree = "<group>"; };
		A20000000000000000000020 /* Assets.xcassets */ = {isa = PBXFileReference; lastKnownFileType = folder.assetcatalog; path = Assets.xcassets; sourceTree = "<group>"; };
		A20000000000000000000021 /* AegisWalletEnvironment.swift */ = {isa = PBXFileReference; lastKnownFileType = sourcecode.swift; path = AegisWalletEnvironment.swift; sourceTree = "<group>"; };
		A20000000000000000000050 /* WalletIdentity.swift */ = {isa = PBXFileReference; lastKnownFileType = sourcecode.swift; path = WalletIdentity.swift; sourceTree = "<group>"; };
		A20000000000000000000051 /* WalletRegistrationClient.swift */ = {isa = PBXFileReference; lastKnownFileType = sourcecode.swift; path = WalletRegistrationClient.swift; sourceTree = "<group>"; };
		A20000000000000000000052 /* WalletStore+Identity.swift */ = {isa = PBXFileReference; lastKnownFileType = sourcecode.swift; path = "WalletStore+Identity.swift"; sourceTree = "<group>"; };
		A20000000000000000000053 /* WalletSetupView.swift */ = {isa = PBXFileReference; lastKnownFileType = sourcecode.swift; path = WalletSetupView.swift; sourceTree = "<group>"; };
		A20000000000000000000054 /* WalletRecoveryView.swift */ = {isa = PBXFileReference; lastKnownFileType = sourcecode.swift; path = WalletRecoveryView.swift; sourceTree = "<group>"; };
		A20000000000000000000055 /* WalletProfileView.swift */ = {isa = PBXFileReference; lastKnownFileType = sourcecode.swift; path = WalletProfileView.swift; sourceTree = "<group>"; };
/* End PBXFileReference section */

/* Begin PBXFrameworksBuildPhase section */
		B00000000000000000000004 /* Frameworks */ = {
			isa = PBXFrameworksBuildPhase;
			buildActionMask = 2147483647;
			files = (
			);
			runOnlyForDeploymentPostprocessing = 0;
		};
		A30000000000000000000001 /* Frameworks */ = {
			isa = PBXFrameworksBuildPhase;
			buildActionMask = 2147483647;
			files = (
			);
			runOnlyForDeploymentPostprocessing = 0;
		};
/* End PBXFrameworksBuildPhase section */

/* Begin PBXGroup section */
		B00000000000000000000006 /* AegisPasskeyProvider */ = {
			isa = PBXGroup;
			children = (
				B00000000000000000000010 /* CredentialProviderViewController.swift */,
				B00000000000000000000011 /* PasskeyPromptViews.swift */,
				B00000000000000000000012 /* Info.plist */,
				B00000000000000000000013 /* AegisPasskeyProvider.entitlements */,
			);
			path = AegisPasskeyProvider;
			sourceTree = "<group>";
		};
		A40000000000000000000001 = {
			isa = PBXGroup;
			children = (
				A40000000000000000000002 /* VanguardAegisWallet */,
				B00000000000000000000006 /* AegisPasskeyProvider */,
				A40000000000000000000003 /* Products */,
			);
			sourceTree = "<group>";
		};
		A40000000000000000000002 /* VanguardAegisWallet */ = {
			isa = PBXGroup;
			children = (
				A40000000000000000000004 /* App */,
				A40000000000000000000005 /* Components */,
				A40000000000000000000006 /* Models */,
				A40000000000000000000007 /* Services */,
				A40000000000000000000008 /* Features */,
				A20000000000000000000020 /* Assets.xcassets */,
				A40000000000000000000014 /* Resources */,
				A20000000000000000000012 /* Info.plist */,
			);
			path = VanguardAegisWallet;
			sourceTree = "<group>";
		};
		A40000000000000000000003 /* Products */ = {
			isa = PBXGroup;
			children = (
				A20000000000000000000013 /* VanguardAegisWallet.app */,
				B00000000000000000000002 /* AegisPasskeyProvider.appex */,
			);
			name = Products;
			sourceTree = "<group>";
		};
		A40000000000000000000004 /* App */ = {
			isa = PBXGroup;
			children = (
				A20000000000000000000001 /* VanguardAegisWalletApp.swift */,
				A20000000000000000000002 /* AppView.swift */,
			);
			path = App;
			sourceTree = "<group>";
		};
		A40000000000000000000005 /* Components */ = {
			isa = PBXGroup;
			children = (
				A20000000000000000000003 /* DesignSystem.swift */,
				A20000000000000000000007 /* QRCodeScannerView.swift */,
			);
			path = Components;
			sourceTree = "<group>";
		};
		A40000000000000000000006 /* Models */ = {
			isa = PBXGroup;
			children = (
				A20000000000000000000004 /* Models.swift */,
			);
			path = Models;
			sourceTree = "<group>";
		};
		A40000000000000000000007 /* Services */ = {
			isa = PBXGroup;
			children = (
				A20000000000000000000005 /* WalletStore.swift */,
				A20000000000000000000050 /* WalletIdentity.swift */,
				A20000000000000000000051 /* WalletRegistrationClient.swift */,
				A20000000000000000000052 /* WalletStore+Identity.swift */,
				A20000000000000000000021 /* AegisWalletEnvironment.swift */,
				A20000000000000000000006 /* OOBInvitationParser.swift */,
				A20000000000000000000014 /* LabAgentClient.swift */,
				B00000000000000000000014 /* PasskeyAuthenticator.swift */,
				B00000000000000000000015 /* PasskeyStore.swift */,
				B00000000000000000000016 /* PasskeyIdentityIndex.swift */,
				B00000000000000000000018 /* PasskeyDiagnostics.swift */,
			);
			path = Services;
			sourceTree = "<group>";
		};
		A40000000000000000000008 /* Features */ = {
			isa = PBXGroup;
			children = (
				A40000000000000000000050 /* Onboarding */,
				A40000000000000000000090 /* Help */,
				A40000000000000000000009 /* Home */,
				A40000000000000000000010 /* Scan */,
				A40000000000000000000013 /* Organizations */,
				A40000000000000000000015 /* Ledger */,
				A40000000000000000000011 /* Connections */,
				A40000000000000000000012 /* Settings */,
			);
			path = Features;
			sourceTree = "<group>";
		};
		A40000000000000000000090 /* Help */ = {
			isa = PBXGroup;
			children = (
				A20000000000000000000090 /* WalletHelpView.swift */,
			);
			path = Help;
			sourceTree = "<group>";
		};
		A40000000000000000000009 /* Home */ = {
			isa = PBXGroup;
			children = (
				A20000000000000000000008 /* HomeView.swift */,
			);
			path = Home;
			sourceTree = "<group>";
		};
		A40000000000000000000010 /* Scan */ = {
			isa = PBXGroup;
			children = (
				A20000000000000000000009 /* ScanView.swift */,
			);
			path = Scan;
			sourceTree = "<group>";
		};
		A40000000000000000000011 /* Connections */ = {
			isa = PBXGroup;
			children = (
				A20000000000000000000010 /* ConnectionsView.swift */,
			);
			path = Connections;
			sourceTree = "<group>";
		};
		A40000000000000000000012 /* Settings */ = {
			isa = PBXGroup;
			children = (
				A20000000000000000000055 /* WalletProfileView.swift */,
				A20000000000000000000011 /* SettingsView.swift */,
				B00000000000000000000017 /* PasskeysView.swift */,
			);
			path = Settings;
			sourceTree = "<group>";
		};
		A40000000000000000000013 /* Organizations */ = {
			isa = PBXGroup;
			children = (
				A20000000000000000000015 /* OrganizationsView.swift */,
			);
			path = Organizations;
			sourceTree = "<group>";
		};
		A40000000000000000000014 /* Resources */ = {
			isa = PBXGroup;
			children = (
				A20000000000000000000016 /* vanguard-logo.png */,
				A20000000000000000000017 /* vanguard-logo@2x.png */,
				A20000000000000000000018 /* vanguard-logo@3x.png */,
			);
			path = Resources;
			sourceTree = "<group>";
		};
		A40000000000000000000015 /* Ledger */ = {
			isa = PBXGroup;
			children = (
				A20000000000000000000019 /* LedgerView.swift */,
			);
			path = Ledger;
			sourceTree = "<group>";
		};
		A40000000000000000000050 /* Onboarding */ = {
			isa = PBXGroup;
			children = (
				A20000000000000000000053 /* WalletSetupView.swift */,
				A20000000000000000000054 /* WalletRecoveryView.swift */,
			);
			path = Onboarding;
			sourceTree = "<group>";
		};
/* End PBXGroup section */

/* Begin PBXNativeTarget section */
		B00000000000000000000001 /* AegisPasskeyProvider */ = {
			isa = PBXNativeTarget;
			buildConfigurationList = B00000000000000000000007 /* Build configuration list for PBXNativeTarget "AegisPasskeyProvider" */;
			buildPhases = (
				B00000000000000000000003 /* Sources */,
				B00000000000000000000004 /* Frameworks */,
				B00000000000000000000005 /* Resources */,
			);
			buildRules = (
			);
			dependencies = (
			);
			name = AegisPasskeyProvider;
			productName = AegisPasskeyProvider;
			productReference = B00000000000000000000002 /* AegisPasskeyProvider.appex */;
			productType = "com.apple.product-type.app-extension";
		};
		A50000000000000000000001 /* VanguardAegisWallet */ = {
			isa = PBXNativeTarget;
			buildConfigurationList = A90000000000000000000002 /* Build configuration list for PBXNativeTarget "VanguardAegisWallet" */;
			buildPhases = (
				A70000000000000000000001 /* Sources */,
				A30000000000000000000001 /* Frameworks */,
				A80000000000000000000001 /* Resources */,
				B00000000000000000000008 /* Embed Foundation Extensions */,
			);
			buildRules = (
			);
			dependencies = (
			);
			name = VanguardAegisWallet;
			productName = VanguardAegisWallet;
			productReference = A20000000000000000000013 /* VanguardAegisWallet.app */;
			productType = "com.apple.product-type.application";
		};
/* End PBXNativeTarget section */

/* Begin PBXProject section */
		A60000000000000000000001 /* Project object */ = {
			isa = PBXProject;
			attributes = {
				BuildIndependentTargetsInParallel = 1;
				LastSwiftUpdateCheck = 2630;
				LastUpgradeCheck = 2630;
				TargetAttributes = {
					A50000000000000000000001 = {
						CreatedOnToolsVersion = 26.3;
					};
				};
			};
			buildConfigurationList = A90000000000000000000001 /* Build configuration list for PBXProject "VanguardAegisWallet" */;
			compatibilityVersion = "Xcode 15.0";
			developmentRegion = en;
			hasScannedForEncodings = 0;
			knownRegions = (
				en,
				Base,
			);
			mainGroup = A40000000000000000000001;
			productRefGroup = A40000000000000000000003 /* Products */;
			projectDirPath = "";
			projectRoot = "";
			targets = (
				A50000000000000000000001 /* VanguardAegisWallet */,
				B00000000000000000000001 /* AegisPasskeyProvider */,
			);
		};
/* End PBXProject section */

/* Begin PBXResourcesBuildPhase section */
		B00000000000000000000005 /* Resources */ = {
			isa = PBXResourcesBuildPhase;
			buildActionMask = 2147483647;
			files = (
			);
			runOnlyForDeploymentPostprocessing = 0;
		};
		A80000000000000000000001 /* Resources */ = {
			isa = PBXResourcesBuildPhase;
			buildActionMask = 2147483647;
			files = (
				A10000000000000000000014 /* vanguard-logo.png in Resources */,
				A10000000000000000000015 /* vanguard-logo@2x.png in Resources */,
				A10000000000000000000016 /* vanguard-logo@3x.png in Resources */,
				A10000000000000000000018 /* Assets.xcassets in Resources */,
			);
			runOnlyForDeploymentPostprocessing = 0;
		};
/* End PBXResourcesBuildPhase section */

/* Begin PBXSourcesBuildPhase section */
		B00000000000000000000003 /* Sources */ = {
			isa = PBXSourcesBuildPhase;
			buildActionMask = 2147483647;
			files = (
				B00000000000000000000030 /* CredentialProviderViewController.swift in Sources */,
				B00000000000000000000031 /* PasskeyPromptViews.swift in Sources */,
				B00000000000000000000032 /* PasskeyAuthenticator.swift in Sources */,
				B00000000000000000000033 /* PasskeyStore.swift in Sources */,
				B00000000000000000000034 /* PasskeyIdentityIndex.swift in Sources */,
				B00000000000000000000035 /* PasskeyDiagnostics.swift in Sources */,
			);
			runOnlyForDeploymentPostprocessing = 0;
		};
		A70000000000000000000001 /* Sources */ = {
			isa = PBXSourcesBuildPhase;
			buildActionMask = 2147483647;
			files = (
				A10000000000000000000001 /* VanguardAegisWalletApp.swift in Sources */,
				A10000000000000000000002 /* AppView.swift in Sources */,
				A10000000000000000000003 /* DesignSystem.swift in Sources */,
				A10000000000000000000004 /* Models.swift in Sources */,
				A10000000000000000000005 /* WalletStore.swift in Sources */,
				A10000000000000000000055 /* WalletProfileView.swift in Sources */,
				B00000000000000000000020 /* PasskeyAuthenticator.swift in Sources */,
				B00000000000000000000021 /* PasskeyStore.swift in Sources */,
				B00000000000000000000022 /* PasskeyIdentityIndex.swift in Sources */,
				B00000000000000000000025 /* PasskeyDiagnostics.swift in Sources */,
				B00000000000000000000023 /* PasskeysView.swift in Sources */,
				A10000000000000000000050 /* WalletIdentity.swift in Sources */,
				A10000000000000000000051 /* WalletRegistrationClient.swift in Sources */,
				A10000000000000000000052 /* WalletStore+Identity.swift in Sources */,
				A10000000000000000000053 /* WalletSetupView.swift in Sources */,
				A10000000000000000000054 /* WalletRecoveryView.swift in Sources */,
				A10000000000000000000006 /* OOBInvitationParser.swift in Sources */,
				A10000000000000000000012 /* LabAgentClient.swift in Sources */,
				A10000000000000000000007 /* QRCodeScannerView.swift in Sources */,
				A10000000000000000000008 /* HomeView.swift in Sources */,
				A10000000000000000000090 /* WalletHelpView.swift in Sources */,
				A10000000000000000000009 /* ScanView.swift in Sources */,
				A10000000000000000000013 /* OrganizationsView.swift in Sources */,
				A10000000000000000000017 /* LedgerView.swift in Sources */,
				A10000000000000000000010 /* ConnectionsView.swift in Sources */,
				A10000000000000000000011 /* SettingsView.swift in Sources */,
				A10000000000000000000019 /* AegisWalletEnvironment.swift in Sources */,
			);
			runOnlyForDeploymentPostprocessing = 0;
		};
/* End PBXSourcesBuildPhase section */

/* Begin PBXTargetDependency section */
		B00000000000000000000009 /* PBXTargetDependency */ = {
			isa = PBXTargetDependency;
			target = B00000000000000000000001 /* AegisPasskeyProvider */;
			targetProxy = B0000000000000000000000A /* PBXContainerItemProxy */;
		};
/* End PBXTargetDependency section */

/* Begin XCBuildConfiguration section */
		B00000000000000000000040 /* Debug */ = {
			isa = XCBuildConfiguration;
			buildSettings = {
				AEGIS_APP_DISPLAY_NAME = "Aegis ID";
				CODE_SIGN_ENTITLEMENTS = AegisPasskeyProvider/AegisPasskeyProvider.entitlements;
				CODE_SIGN_STYLE = Automatic;
				CURRENT_PROJECT_VERSION = 1;
				DEVELOPMENT_TEAM = GL46AP73ZQ;
				GENERATE_INFOPLIST_FILE = NO;
				INFOPLIST_FILE = AegisPasskeyProvider/Info.plist;
				IPHONEOS_DEPLOYMENT_TARGET = 17.0;
				LD_RUNPATH_SEARCH_PATHS = (
					"$(inherited)",
					"@executable_path/Frameworks",
					"@executable_path/../../Frameworks",
				);
				MARKETING_VERSION = 1.0;
				PRODUCT_BUNDLE_IDENTIFIER = ca.vanguardcs.aegisid.wallet.passkeys;
				PRODUCT_NAME = "$(TARGET_NAME)";
				SKIP_INSTALL = YES;
				SWIFT_EMIT_LOC_STRINGS = YES;
				SWIFT_OPTIMIZATION_LEVEL = "-Onone";
				SWIFT_VERSION = 5.0;
				TARGETED_DEVICE_FAMILY = "1,2";
			};
			name = "Debug";
		};
		B00000000000000000000041 /* Release */ = {
			isa = XCBuildConfiguration;
			buildSettings = {
				AEGIS_APP_DISPLAY_NAME = "Aegis ID";
				CODE_SIGN_ENTITLEMENTS = AegisPasskeyProvider/AegisPasskeyProvider.entitlements;
				CODE_SIGN_STYLE = Automatic;
				CURRENT_PROJECT_VERSION = 1;
				DEVELOPMENT_TEAM = GL46AP73ZQ;
				GENERATE_INFOPLIST_FILE = NO;
				INFOPLIST_FILE = AegisPasskeyProvider/Info.plist;
				IPHONEOS_DEPLOYMENT_TARGET = 17.0;
				LD_RUNPATH_SEARCH_PATHS = (
					"$(inherited)",
					"@executable_path/Frameworks",
					"@executable_path/../../Frameworks",
				);
				MARKETING_VERSION = 1.0;
				PRODUCT_BUNDLE_IDENTIFIER = ca.vanguardcs.aegisid.wallet.passkeys;
				PRODUCT_NAME = "$(TARGET_NAME)";
				SKIP_INSTALL = YES;
				SWIFT_EMIT_LOC_STRINGS = YES;
				SWIFT_OPTIMIZATION_LEVEL = "-O";
				SWIFT_VERSION = 5.0;
				TARGETED_DEVICE_FAMILY = "1,2";
			};
			name = "Release";
		};
		B00000000000000000000042 /* Debug-Dev */ = {
			isa = XCBuildConfiguration;
			buildSettings = {
				AEGIS_APP_DISPLAY_NAME = "Aegis ID Dev";
				CODE_SIGN_ENTITLEMENTS = AegisPasskeyProvider/AegisPasskeyProvider.entitlements;
				CODE_SIGN_STYLE = Automatic;
				CURRENT_PROJECT_VERSION = 1;
				DEVELOPMENT_TEAM = GL46AP73ZQ;
				GENERATE_INFOPLIST_FILE = NO;
				INFOPLIST_FILE = AegisPasskeyProvider/Info.plist;
				IPHONEOS_DEPLOYMENT_TARGET = 17.0;
				LD_RUNPATH_SEARCH_PATHS = (
					"$(inherited)",
					"@executable_path/Frameworks",
					"@executable_path/../../Frameworks",
				);
				MARKETING_VERSION = 1.0;
				PRODUCT_BUNDLE_IDENTIFIER = ca.vanguardcs.aegisid.wallet.dev.passkeys;
				PRODUCT_NAME = "$(TARGET_NAME)";
				SKIP_INSTALL = YES;
				SWIFT_EMIT_LOC_STRINGS = YES;
				SWIFT_OPTIMIZATION_LEVEL = "-Onone";
				SWIFT_VERSION = 5.0;
				TARGETED_DEVICE_FAMILY = "1,2";
			};
			name = "Debug-Dev";
		};
		B00000000000000000000043 /* Debug-Local */ = {
			isa = XCBuildConfiguration;
			buildSettings = {
				AEGIS_APP_DISPLAY_NAME = "Aegis ID Dev";
				CODE_SIGN_ENTITLEMENTS = AegisPasskeyProvider/AegisPasskeyProvider.entitlements;
				CODE_SIGN_STYLE = Automatic;
				CURRENT_PROJECT_VERSION = 1;
				DEVELOPMENT_TEAM = GL46AP73ZQ;
				GENERATE_INFOPLIST_FILE = NO;
				INFOPLIST_FILE = AegisPasskeyProvider/Info.plist;
				IPHONEOS_DEPLOYMENT_TARGET = 17.0;
				LD_RUNPATH_SEARCH_PATHS = (
					"$(inherited)",
					"@executable_path/Frameworks",
					"@executable_path/../../Frameworks",
				);
				MARKETING_VERSION = 1.0;
				PRODUCT_BUNDLE_IDENTIFIER = ca.vanguardcs.aegisid.wallet.dev.passkeys;
				PRODUCT_NAME = "$(TARGET_NAME)";
				SKIP_INSTALL = YES;
				SWIFT_EMIT_LOC_STRINGS = YES;
				SWIFT_OPTIMIZATION_LEVEL = "-Onone";
				SWIFT_VERSION = 5.0;
				TARGETED_DEVICE_FAMILY = "1,2";
			};
			name = "Debug-Local";
		};
		B00000000000000000000044 /* Debug-Dev copy */ = {
			isa = XCBuildConfiguration;
			buildSettings = {
				AEGIS_APP_DISPLAY_NAME = "Aegis ID Dev";
				CODE_SIGN_ENTITLEMENTS = AegisPasskeyProvider/AegisPasskeyProvider.entitlements;
				CODE_SIGN_STYLE = Automatic;
				CURRENT_PROJECT_VERSION = 1;
				DEVELOPMENT_TEAM = GL46AP73ZQ;
				GENERATE_INFOPLIST_FILE = NO;
				INFOPLIST_FILE = AegisPasskeyProvider/Info.plist;
				IPHONEOS_DEPLOYMENT_TARGET = 17.0;
				LD_RUNPATH_SEARCH_PATHS = (
					"$(inherited)",
					"@executable_path/Frameworks",
					"@executable_path/../../Frameworks",
				);
				MARKETING_VERSION = 1.0;
				PRODUCT_BUNDLE_IDENTIFIER = ca.vanguardcs.aegisid.wallet.dev.passkeys;
				PRODUCT_NAME = "$(TARGET_NAME)";
				SKIP_INSTALL = YES;
				SWIFT_EMIT_LOC_STRINGS = YES;
				SWIFT_OPTIMIZATION_LEVEL = "-Onone";
				SWIFT_VERSION = 5.0;
				TARGETED_DEVICE_FAMILY = "1,2";
			};
			name = "Debug-Dev copy";
		};
		B00000000000000000000045 /* Release-Dev */ = {
			isa = XCBuildConfiguration;
			buildSettings = {
				AEGIS_APP_DISPLAY_NAME = "Aegis ID Dev";
				CODE_SIGN_ENTITLEMENTS = AegisPasskeyProvider/AegisPasskeyProvider.entitlements;
				CODE_SIGN_STYLE = Automatic;
				CURRENT_PROJECT_VERSION = 1;
				DEVELOPMENT_TEAM = GL46AP73ZQ;
				GENERATE_INFOPLIST_FILE = NO;
				INFOPLIST_FILE = AegisPasskeyProvider/Info.plist;
				IPHONEOS_DEPLOYMENT_TARGET = 17.0;
				LD_RUNPATH_SEARCH_PATHS = (
					"$(inherited)",
					"@executable_path/Frameworks",
					"@executable_path/../../Frameworks",
				);
				MARKETING_VERSION = 1.0;
				PRODUCT_BUNDLE_IDENTIFIER = ca.vanguardcs.aegisid.wallet.dev.passkeys;
				PRODUCT_NAME = "$(TARGET_NAME)";
				SKIP_INSTALL = YES;
				SWIFT_EMIT_LOC_STRINGS = YES;
				SWIFT_OPTIMIZATION_LEVEL = "-O";
				SWIFT_VERSION = 5.0;
				TARGETED_DEVICE_FAMILY = "1,2";
			};
			name = "Release-Dev";
		};
		B00000000000000000000046 /* Debug-QA */ = {
			isa = XCBuildConfiguration;
			buildSettings = {
				AEGIS_APP_DISPLAY_NAME = "Aegis ID QA";
				CODE_SIGN_ENTITLEMENTS = AegisPasskeyProvider/AegisPasskeyProvider.entitlements;
				CODE_SIGN_STYLE = Automatic;
				CURRENT_PROJECT_VERSION = 1;
				DEVELOPMENT_TEAM = GL46AP73ZQ;
				GENERATE_INFOPLIST_FILE = NO;
				INFOPLIST_FILE = AegisPasskeyProvider/Info.plist;
				IPHONEOS_DEPLOYMENT_TARGET = 17.0;
				LD_RUNPATH_SEARCH_PATHS = (
					"$(inherited)",
					"@executable_path/Frameworks",
					"@executable_path/../../Frameworks",
				);
				MARKETING_VERSION = 1.0;
				PRODUCT_BUNDLE_IDENTIFIER = ca.vanguardcs.aegisid.wallet.qa.passkeys;
				PRODUCT_NAME = "$(TARGET_NAME)";
				SKIP_INSTALL = YES;
				SWIFT_EMIT_LOC_STRINGS = YES;
				SWIFT_OPTIMIZATION_LEVEL = "-Onone";
				SWIFT_VERSION = 5.0;
				TARGETED_DEVICE_FAMILY = "1,2";
			};
			name = "Debug-QA";
		};
		B00000000000000000000047 /* Release-QA */ = {
			isa = XCBuildConfiguration;
			buildSettings = {
				AEGIS_APP_DISPLAY_NAME = "Aegis ID QA";
				CODE_SIGN_ENTITLEMENTS = AegisPasskeyProvider/AegisPasskeyProvider.entitlements;
				CODE_SIGN_STYLE = Automatic;
				CURRENT_PROJECT_VERSION = 1;
				DEVELOPMENT_TEAM = GL46AP73ZQ;
				GENERATE_INFOPLIST_FILE = NO;
				INFOPLIST_FILE = AegisPasskeyProvider/Info.plist;
				IPHONEOS_DEPLOYMENT_TARGET = 17.0;
				LD_RUNPATH_SEARCH_PATHS = (
					"$(inherited)",
					"@executable_path/Frameworks",
					"@executable_path/../../Frameworks",
				);
				MARKETING_VERSION = 1.0;
				PRODUCT_BUNDLE_IDENTIFIER = ca.vanguardcs.aegisid.wallet.qa.passkeys;
				PRODUCT_NAME = "$(TARGET_NAME)";
				SKIP_INSTALL = YES;
				SWIFT_EMIT_LOC_STRINGS = YES;
				SWIFT_OPTIMIZATION_LEVEL = "-O";
				SWIFT_VERSION = 5.0;
				TARGETED_DEVICE_FAMILY = "1,2";
			};
			name = "Release-QA";
		};
		A90000000000000000000003 /* Debug */ = {
			isa = XCBuildConfiguration;
			buildSettings = {
				ALWAYS_SEARCH_USER_PATHS = NO;
				CLANG_ANALYZER_NONNULL = YES;
				CLANG_ANALYZER_NUMBER_OBJECT_CONVERSION = YES_AGGRESSIVE;
				CLANG_CXX_LANGUAGE_STANDARD = "gnu++20";
				CLANG_ENABLE_MODULES = YES;
				CLANG_ENABLE_OBJC_ARC = YES;
				CLANG_ENABLE_OBJC_WEAK = YES;
				CLANG_WARN_BLOCK_CAPTURE_AUTORELEASING = YES;
				CLANG_WARN_BOOL_CONVERSION = YES;
				CLANG_WARN_COMMA = YES;
				CLANG_WARN_CONSTANT_CONVERSION = YES;
				CLANG_WARN_DEPRECATED_OBJC_IMPLEMENTATIONS = YES;
				CLANG_WARN_DIRECT_OBJC_ISA_USAGE = YES_ERROR;
				CLANG_WARN_DOCUMENTATION_COMMENTS = YES;
				CLANG_WARN_EMPTY_BODY = YES;
				CLANG_WARN_ENUM_CONVERSION = YES;
				CLANG_WARN_INFINITE_RECURSION = YES;
				CLANG_WARN_INT_CONVERSION = YES;
				CLANG_WARN_NON_LITERAL_NULL_CONVERSION = YES;
				CLANG_WARN_OBJC_IMPLICIT_RETAIN_SELF = YES;
				CLANG_WARN_OBJC_LITERAL_CONVERSION = YES;
				CLANG_WARN_OBJC_ROOT_CLASS = YES_ERROR;
				CLANG_WARN_QUOTED_INCLUDE_IN_FRAMEWORK_HEADER = YES;
				CLANG_WARN_RANGE_LOOP_ANALYSIS = YES;
				CLANG_WARN_STRICT_PROTOTYPES = YES;
				CLANG_WARN_SUSPICIOUS_MOVE = YES;
				CLANG_WARN_UNGUARDED_AVAILABILITY = YES_AGGRESSIVE;
				CLANG_WARN_UNREACHABLE_CODE = YES;
				CLANG_WARN__DUPLICATE_METHOD_MATCH = YES;
				COPY_PHASE_STRIP = NO;
				DEBUG_INFORMATION_FORMAT = dwarf;
				ENABLE_STRICT_OBJC_MSGSEND = YES;
				ENABLE_TESTABILITY = YES;
				GCC_C_LANGUAGE_STANDARD = gnu17;
				GCC_DYNAMIC_NO_PIC = NO;
				GCC_NO_COMMON_BLOCKS = YES;
				GCC_OPTIMIZATION_LEVEL = 0;
				GCC_PREPROCESSOR_DEFINITIONS = (
					"DEBUG=1",
					"$(inherited)",
				);
				GCC_WARN_64_TO_32_BIT_CONVERSION = YES;
				GCC_WARN_ABOUT_RETURN_TYPE = YES_ERROR;
				GCC_WARN_UNDECLARED_SELECTOR = YES;
				GCC_WARN_UNINITIALIZED_AUTOS = YES_AGGRESSIVE;
				GCC_WARN_UNUSED_FUNCTION = YES;
				GCC_WARN_UNUSED_VARIABLE = YES;
				IPHONEOS_DEPLOYMENT_TARGET = 17.0;
				MTL_ENABLE_DEBUG_INFO = INCLUDE_SOURCE;
				MTL_FAST_MATH = YES;
				ONLY_ACTIVE_ARCH = YES;
				SDKROOT = iphoneos;
				SWIFT_ACTIVE_COMPILATION_CONDITIONS = DEBUG;
				SWIFT_OPTIMIZATION_LEVEL = "-Onone";
				VALIDATE_PRODUCT = YES;
			};
			name = Debug;
		};
		A90000000000000000000004 /* Release */ = {
			isa = XCBuildConfiguration;
			buildSettings = {
				ALWAYS_SEARCH_USER_PATHS = NO;
				CLANG_ANALYZER_NONNULL = YES;
				CLANG_ANALYZER_NUMBER_OBJECT_CONVERSION = YES_AGGRESSIVE;
				CLANG_CXX_LANGUAGE_STANDARD = "gnu++20";
				CLANG_ENABLE_MODULES = YES;
				CLANG_ENABLE_OBJC_ARC = YES;
				CLANG_ENABLE_OBJC_WEAK = YES;
				CLANG_WARN_BLOCK_CAPTURE_AUTORELEASING = YES;
				CLANG_WARN_BOOL_CONVERSION = YES;
				CLANG_WARN_COMMA = YES;
				CLANG_WARN_CONSTANT_CONVERSION = YES;
				CLANG_WARN_DEPRECATED_OBJC_IMPLEMENTATIONS = YES;
				CLANG_WARN_DIRECT_OBJC_ISA_USAGE = YES_ERROR;
				CLANG_WARN_DOCUMENTATION_COMMENTS = YES;
				CLANG_WARN_EMPTY_BODY = YES;
				CLANG_WARN_ENUM_CONVERSION = YES;
				CLANG_WARN_INFINITE_RECURSION = YES;
				CLANG_WARN_INT_CONVERSION = YES;
				CLANG_WARN_NON_LITERAL_NULL_CONVERSION = YES;
				CLANG_WARN_OBJC_IMPLICIT_RETAIN_SELF = YES;
				CLANG_WARN_OBJC_LITERAL_CONVERSION = YES;
				CLANG_WARN_OBJC_ROOT_CLASS = YES_ERROR;
				CLANG_WARN_QUOTED_INCLUDE_IN_FRAMEWORK_HEADER = YES;
				CLANG_WARN_RANGE_LOOP_ANALYSIS = YES;
				CLANG_WARN_STRICT_PROTOTYPES = YES;
				CLANG_WARN_SUSPICIOUS_MOVE = YES;
				CLANG_WARN_UNGUARDED_AVAILABILITY = YES_AGGRESSIVE;
				CLANG_WARN_UNREACHABLE_CODE = YES;
				CLANG_WARN__DUPLICATE_METHOD_MATCH = YES;
				COPY_PHASE_STRIP = NO;
				DEBUG_INFORMATION_FORMAT = "dwarf-with-dsym";
				ENABLE_NS_ASSERTIONS = NO;
				ENABLE_STRICT_OBJC_MSGSEND = YES;
				ENABLE_TESTABILITY = YES;
				GCC_C_LANGUAGE_STANDARD = gnu17;
				GCC_NO_COMMON_BLOCKS = YES;
				GCC_WARN_64_TO_32_BIT_CONVERSION = YES;
				GCC_WARN_ABOUT_RETURN_TYPE = YES_ERROR;
				GCC_WARN_UNDECLARED_SELECTOR = YES;
				GCC_WARN_UNINITIALIZED_AUTOS = YES_AGGRESSIVE;
				GCC_WARN_UNUSED_FUNCTION = YES;
				GCC_WARN_UNUSED_VARIABLE = YES;
				IPHONEOS_DEPLOYMENT_TARGET = 17.0;
				MTL_ENABLE_DEBUG_INFO = NO;
				MTL_FAST_MATH = YES;
				ONLY_ACTIVE_ARCH = YES;
				SDKROOT = iphoneos;
				SWIFT_ACTIVE_COMPILATION_CONDITIONS = RELEASE;
				"SWIFT_ACTIVE_COMPILATION_CONDITIONS[arch=*]" = "";
				SWIFT_COMPILATION_MODE = wholemodule;
				SWIFT_OPTIMIZATION_LEVEL = "-O";
				VALIDATE_PRODUCT = YES;
			};
			name = Release;
		};
		A90000000000000000000005 /* Debug */ = {
			isa = XCBuildConfiguration;
			buildSettings = {
				AEGIS_APP_DISPLAY_NAME = "Aegis ID";
				AEGIS_URL_SCHEME = aegisid;
				AEGIS_WEB_APP_BASE_URL = "https://vanguard-aegis-id-0e75d1.azurewebsites.net";
				ASSETCATALOG_COMPILER_APPICON_NAME = AppIcon;
				ASSETCATALOG_COMPILER_INCLUDE_ALL_APPICON_ASSETS = YES;
				CODE_SIGN_ENTITLEMENTS = VanguardAegisWallet/VanguardAegisWallet.entitlements;
				CODE_SIGN_IDENTITY = "Apple Development";
				CODE_SIGN_STYLE = Automatic;
				CURRENT_PROJECT_VERSION = 1;
				DEVELOPMENT_TEAM = GL46AP73ZQ;
				GENERATE_INFOPLIST_FILE = NO;
				INFOPLIST_FILE = VanguardAegisWallet/Info.plist;
				INFOPLIST_KEY_CFBundleDisplayName = "Aegis ID";
				INFOPLIST_KEY_LSApplicationCategoryType = "public.app-category.business";
				IPHONEOS_DEPLOYMENT_TARGET = 17.0;
				LD_RUNPATH_SEARCH_PATHS = (
					"$(inherited)",
					"@executable_path/Frameworks",
				);
				MARKETING_VERSION = 1.0;
				PRODUCT_BUNDLE_IDENTIFIER = ca.vanguardcs.aegisid.wallet;
				PRODUCT_NAME = "$(TARGET_NAME)";
				PROVISIONING_PROFILE_SPECIFIER = "";
				SUPPORTED_PLATFORMS = "iphoneos iphonesimulator";
				SWIFT_EMIT_LOC_STRINGS = YES;
				SWIFT_VERSION = 5.0;
				TARGETED_DEVICE_FAMILY = "1,2";
			};
			name = Debug;
		};
		A90000000000000000000006 /* Release */ = {
			isa = XCBuildConfiguration;
			buildSettings = {
				AEGIS_APP_DISPLAY_NAME = "Aegis ID";
				AEGIS_URL_SCHEME = aegisid;
				AEGIS_WEB_APP_BASE_URL = "https://vanguard-aegis-id-0e75d1.azurewebsites.net";
				ASSETCATALOG_COMPILER_APPICON_NAME = AppIcon;
				ASSETCATALOG_COMPILER_INCLUDE_ALL_APPICON_ASSETS = YES;
				CODE_SIGN_ENTITLEMENTS = VanguardAegisWallet/VanguardAegisWallet.entitlements;
				CODE_SIGN_IDENTITY = "Apple Development";
				CODE_SIGN_STYLE = Automatic;
				CURRENT_PROJECT_VERSION = 1;
				DEVELOPMENT_TEAM = GL46AP73ZQ;
				GENERATE_INFOPLIST_FILE = NO;
				INFOPLIST_FILE = VanguardAegisWallet/Info.plist;
				INFOPLIST_KEY_CFBundleDisplayName = "Aegis ID";
				INFOPLIST_KEY_LSApplicationCategoryType = "public.app-category.business";
				IPHONEOS_DEPLOYMENT_TARGET = 17.0;
				LD_RUNPATH_SEARCH_PATHS = (
					"$(inherited)",
					"@executable_path/Frameworks",
				);
				MARKETING_VERSION = 1.0;
				PRODUCT_BUNDLE_IDENTIFIER = ca.vanguardcs.aegisid.wallet;
				PRODUCT_NAME = "$(TARGET_NAME)";
				PROVISIONING_PROFILE_SPECIFIER = "";
				SUPPORTED_PLATFORMS = "iphoneos iphonesimulator";
				SWIFT_EMIT_LOC_STRINGS = YES;
				SWIFT_VERSION = 5.0;
				TARGETED_DEVICE_FAMILY = "1,2";
			};
			name = Release;
		};
		A90000000000000000000007 /* Debug-Dev */ = {
			isa = XCBuildConfiguration;
			buildSettings = {
				ALWAYS_SEARCH_USER_PATHS = NO;
				CLANG_ANALYZER_NONNULL = YES;
				CLANG_ANALYZER_NUMBER_OBJECT_CONVERSION = YES_AGGRESSIVE;
				CLANG_CXX_LANGUAGE_STANDARD = "gnu++20";
				CLANG_ENABLE_MODULES = YES;
				CLANG_ENABLE_OBJC_ARC = YES;
				CLANG_ENABLE_OBJC_WEAK = YES;
				CLANG_WARN_BLOCK_CAPTURE_AUTORELEASING = YES;
				CLANG_WARN_BOOL_CONVERSION = YES;
				CLANG_WARN_COMMA = YES;
				CLANG_WARN_CONSTANT_CONVERSION = YES;
				CLANG_WARN_DEPRECATED_OBJC_IMPLEMENTATIONS = YES;
				CLANG_WARN_DIRECT_OBJC_ISA_USAGE = YES_ERROR;
				CLANG_WARN_DOCUMENTATION_COMMENTS = YES;
				CLANG_WARN_EMPTY_BODY = YES;
				CLANG_WARN_ENUM_CONVERSION = YES;
				CLANG_WARN_INFINITE_RECURSION = YES;
				CLANG_WARN_INT_CONVERSION = YES;
				CLANG_WARN_NON_LITERAL_NULL_CONVERSION = YES;
				CLANG_WARN_OBJC_IMPLICIT_RETAIN_SELF = YES;
				CLANG_WARN_OBJC_LITERAL_CONVERSION = YES;
				CLANG_WARN_OBJC_ROOT_CLASS = YES_ERROR;
				CLANG_WARN_QUOTED_INCLUDE_IN_FRAMEWORK_HEADER = YES;
				CLANG_WARN_RANGE_LOOP_ANALYSIS = YES;
				CLANG_WARN_STRICT_PROTOTYPES = YES;
				CLANG_WARN_SUSPICIOUS_MOVE = YES;
				CLANG_WARN_UNGUARDED_AVAILABILITY = YES_AGGRESSIVE;
				CLANG_WARN_UNREACHABLE_CODE = YES;
				CLANG_WARN__DUPLICATE_METHOD_MATCH = YES;
				COPY_PHASE_STRIP = NO;
				DEBUG_INFORMATION_FORMAT = dwarf;
				ENABLE_STRICT_OBJC_MSGSEND = YES;
				ENABLE_TESTABILITY = YES;
				GCC_C_LANGUAGE_STANDARD = gnu17;
				GCC_DYNAMIC_NO_PIC = NO;
				GCC_NO_COMMON_BLOCKS = YES;
				GCC_OPTIMIZATION_LEVEL = 0;
				GCC_PREPROCESSOR_DEFINITIONS = (
					"DEBUG=1",
					"$(inherited)",
				);
				GCC_WARN_64_TO_32_BIT_CONVERSION = YES;
				GCC_WARN_ABOUT_RETURN_TYPE = YES_ERROR;
				GCC_WARN_UNDECLARED_SELECTOR = YES;
				GCC_WARN_UNINITIALIZED_AUTOS = YES_AGGRESSIVE;
				GCC_WARN_UNUSED_FUNCTION = YES;
				GCC_WARN_UNUSED_VARIABLE = YES;
				IPHONEOS_DEPLOYMENT_TARGET = 17.0;
				MTL_ENABLE_DEBUG_INFO = INCLUDE_SOURCE;
				MTL_FAST_MATH = YES;
				ONLY_ACTIVE_ARCH = YES;
				SDKROOT = iphoneos;
				SWIFT_ACTIVE_COMPILATION_CONDITIONS = "DEBUG DEV";
				SWIFT_OPTIMIZATION_LEVEL = "-Onone";
				VALIDATE_PRODUCT = YES;
			};
			name = "Debug-Dev";
		};
		A90000000000000000000008 /* Release-Dev */ = {
			isa = XCBuildConfiguration;
			buildSettings = {
				ALWAYS_SEARCH_USER_PATHS = NO;
				CLANG_ANALYZER_NONNULL = YES;
				CLANG_ANALYZER_NUMBER_OBJECT_CONVERSION = YES_AGGRESSIVE;
				CLANG_CXX_LANGUAGE_STANDARD = "gnu++20";
				CLANG_ENABLE_MODULES = YES;
				CLANG_ENABLE_OBJC_ARC = YES;
				CLANG_ENABLE_OBJC_WEAK = YES;
				CLANG_WARN_BLOCK_CAPTURE_AUTORELEASING = YES;
				CLANG_WARN_BOOL_CONVERSION = YES;
				CLANG_WARN_COMMA = YES;
				CLANG_WARN_CONSTANT_CONVERSION = YES;
				CLANG_WARN_DEPRECATED_OBJC_IMPLEMENTATIONS = YES;
				CLANG_WARN_DIRECT_OBJC_ISA_USAGE = YES_ERROR;
				CLANG_WARN_DOCUMENTATION_COMMENTS = YES;
				CLANG_WARN_EMPTY_BODY = YES;
				CLANG_WARN_ENUM_CONVERSION = YES;
				CLANG_WARN_INFINITE_RECURSION = YES;
				CLANG_WARN_INT_CONVERSION = YES;
				CLANG_WARN_NON_LITERAL_NULL_CONVERSION = YES;
				CLANG_WARN_OBJC_IMPLICIT_RETAIN_SELF = YES;
				CLANG_WARN_OBJC_LITERAL_CONVERSION = YES;
				CLANG_WARN_OBJC_ROOT_CLASS = YES_ERROR;
				CLANG_WARN_QUOTED_INCLUDE_IN_FRAMEWORK_HEADER = YES;
				CLANG_WARN_RANGE_LOOP_ANALYSIS = YES;
				CLANG_WARN_STRICT_PROTOTYPES = YES;
				CLANG_WARN_SUSPICIOUS_MOVE = YES;
				CLANG_WARN_UNGUARDED_AVAILABILITY = YES_AGGRESSIVE;
				CLANG_WARN_UNREACHABLE_CODE = YES;
				CLANG_WARN__DUPLICATE_METHOD_MATCH = YES;
				COPY_PHASE_STRIP = NO;
				DEBUG_INFORMATION_FORMAT = "dwarf-with-dsym";
				ENABLE_NS_ASSERTIONS = NO;
				ENABLE_STRICT_OBJC_MSGSEND = YES;
				ENABLE_TESTABILITY = YES;
				GCC_C_LANGUAGE_STANDARD = gnu17;
				GCC_NO_COMMON_BLOCKS = YES;
				GCC_WARN_64_TO_32_BIT_CONVERSION = YES;
				GCC_WARN_ABOUT_RETURN_TYPE = YES_ERROR;
				GCC_WARN_UNDECLARED_SELECTOR = YES;
				GCC_WARN_UNINITIALIZED_AUTOS = YES_AGGRESSIVE;
				GCC_WARN_UNUSED_FUNCTION = YES;
				GCC_WARN_UNUSED_VARIABLE = YES;
				IPHONEOS_DEPLOYMENT_TARGET = 17.0;
				MTL_ENABLE_DEBUG_INFO = NO;
				MTL_FAST_MATH = YES;
				ONLY_ACTIVE_ARCH = YES;
				SDKROOT = iphoneos;
				SWIFT_ACTIVE_COMPILATION_CONDITIONS = DEV;
				SWIFT_COMPILATION_MODE = wholemodule;
				SWIFT_OPTIMIZATION_LEVEL = "-O";
				VALIDATE_PRODUCT = YES;
			};
			name = "Release-Dev";
		};
		A90000000000000000000009 /* Debug-QA */ = {
			isa = XCBuildConfiguration;
			buildSettings = {
				ALWAYS_SEARCH_USER_PATHS = NO;
				CLANG_ANALYZER_NONNULL = YES;
				CLANG_ANALYZER_NUMBER_OBJECT_CONVERSION = YES_AGGRESSIVE;
				CLANG_CXX_LANGUAGE_STANDARD = "gnu++20";
				CLANG_ENABLE_MODULES = YES;
				CLANG_ENABLE_OBJC_ARC = YES;
				CLANG_ENABLE_OBJC_WEAK = YES;
				CLANG_WARN_BLOCK_CAPTURE_AUTORELEASING = YES;
				CLANG_WARN_BOOL_CONVERSION = YES;
				CLANG_WARN_COMMA = YES;
				CLANG_WARN_CONSTANT_CONVERSION = YES;
				CLANG_WARN_DEPRECATED_OBJC_IMPLEMENTATIONS = YES;
				CLANG_WARN_DIRECT_OBJC_ISA_USAGE = YES_ERROR;
				CLANG_WARN_DOCUMENTATION_COMMENTS = YES;
				CLANG_WARN_EMPTY_BODY = YES;
				CLANG_WARN_ENUM_CONVERSION = YES;
				CLANG_WARN_INFINITE_RECURSION = YES;
				CLANG_WARN_INT_CONVERSION = YES;
				CLANG_WARN_NON_LITERAL_NULL_CONVERSION = YES;
				CLANG_WARN_OBJC_IMPLICIT_RETAIN_SELF = YES;
				CLANG_WARN_OBJC_LITERAL_CONVERSION = YES;
				CLANG_WARN_OBJC_ROOT_CLASS = YES_ERROR;
				CLANG_WARN_QUOTED_INCLUDE_IN_FRAMEWORK_HEADER = YES;
				CLANG_WARN_RANGE_LOOP_ANALYSIS = YES;
				CLANG_WARN_STRICT_PROTOTYPES = YES;
				CLANG_WARN_SUSPICIOUS_MOVE = YES;
				CLANG_WARN_UNGUARDED_AVAILABILITY = YES_AGGRESSIVE;
				CLANG_WARN_UNREACHABLE_CODE = YES;
				CLANG_WARN__DUPLICATE_METHOD_MATCH = YES;
				COPY_PHASE_STRIP = NO;
				DEBUG_INFORMATION_FORMAT = dwarf;
				ENABLE_STRICT_OBJC_MSGSEND = YES;
				ENABLE_TESTABILITY = YES;
				GCC_C_LANGUAGE_STANDARD = gnu17;
				GCC_DYNAMIC_NO_PIC = NO;
				GCC_NO_COMMON_BLOCKS = YES;
				GCC_OPTIMIZATION_LEVEL = 0;
				GCC_PREPROCESSOR_DEFINITIONS = (
					"DEBUG=1",
					"$(inherited)",
				);
				GCC_WARN_64_TO_32_BIT_CONVERSION = YES;
				GCC_WARN_ABOUT_RETURN_TYPE = YES_ERROR;
				GCC_WARN_UNDECLARED_SELECTOR = YES;
				GCC_WARN_UNINITIALIZED_AUTOS = YES_AGGRESSIVE;
				GCC_WARN_UNUSED_FUNCTION = YES;
				GCC_WARN_UNUSED_VARIABLE = YES;
				IPHONEOS_DEPLOYMENT_TARGET = 17.0;
				MTL_ENABLE_DEBUG_INFO = INCLUDE_SOURCE;
				MTL_FAST_MATH = YES;
				ONLY_ACTIVE_ARCH = YES;
				SDKROOT = iphoneos;
				SWIFT_ACTIVE_COMPILATION_CONDITIONS = "DEBUG QA";
				SWIFT_OPTIMIZATION_LEVEL = "-Onone";
				VALIDATE_PRODUCT = YES;
			};
			name = "Debug-QA";
		};
		A9000000000000000000000A /* Release-QA */ = {
			isa = XCBuildConfiguration;
			buildSettings = {
				ALWAYS_SEARCH_USER_PATHS = NO;
				CLANG_ANALYZER_NONNULL = YES;
				CLANG_ANALYZER_NUMBER_OBJECT_CONVERSION = YES_AGGRESSIVE;
				CLANG_CXX_LANGUAGE_STANDARD = "gnu++20";
				CLANG_ENABLE_MODULES = YES;
				CLANG_ENABLE_OBJC_ARC = YES;
				CLANG_ENABLE_OBJC_WEAK = YES;
				CLANG_WARN_BLOCK_CAPTURE_AUTORELEASING = YES;
				CLANG_WARN_BOOL_CONVERSION = YES;
				CLANG_WARN_COMMA = YES;
				CLANG_WARN_CONSTANT_CONVERSION = YES;
				CLANG_WARN_DEPRECATED_OBJC_IMPLEMENTATIONS = YES;
				CLANG_WARN_DIRECT_OBJC_ISA_USAGE = YES_ERROR;
				CLANG_WARN_DOCUMENTATION_COMMENTS = YES;
				CLANG_WARN_EMPTY_BODY = YES;
				CLANG_WARN_ENUM_CONVERSION = YES;
				CLANG_WARN_INFINITE_RECURSION = YES;
				CLANG_WARN_INT_CONVERSION = YES;
				CLANG_WARN_NON_LITERAL_NULL_CONVERSION = YES;
				CLANG_WARN_OBJC_IMPLICIT_RETAIN_SELF = YES;
				CLANG_WARN_OBJC_LITERAL_CONVERSION = YES;
				CLANG_WARN_OBJC_ROOT_CLASS = YES_ERROR;
				CLANG_WARN_QUOTED_INCLUDE_IN_FRAMEWORK_HEADER = YES;
				CLANG_WARN_RANGE_LOOP_ANALYSIS = YES;
				CLANG_WARN_STRICT_PROTOTYPES = YES;
				CLANG_WARN_SUSPICIOUS_MOVE = YES;
				CLANG_WARN_UNGUARDED_AVAILABILITY = YES_AGGRESSIVE;
				CLANG_WARN_UNREACHABLE_CODE = YES;
				CLANG_WARN__DUPLICATE_METHOD_MATCH = YES;
				COPY_PHASE_STRIP = NO;
				DEBUG_INFORMATION_FORMAT = "dwarf-with-dsym";
				ENABLE_NS_ASSERTIONS = NO;
				ENABLE_STRICT_OBJC_MSGSEND = YES;
				ENABLE_TESTABILITY = YES;
				GCC_C_LANGUAGE_STANDARD = gnu17;
				GCC_NO_COMMON_BLOCKS = YES;
				GCC_WARN_64_TO_32_BIT_CONVERSION = YES;
				GCC_WARN_ABOUT_RETURN_TYPE = YES_ERROR;
				GCC_WARN_UNDECLARED_SELECTOR = YES;
				GCC_WARN_UNINITIALIZED_AUTOS = YES_AGGRESSIVE;
				GCC_WARN_UNUSED_FUNCTION = YES;
				GCC_WARN_UNUSED_VARIABLE = YES;
				IPHONEOS_DEPLOYMENT_TARGET = 17.0;
				MTL_ENABLE_DEBUG_INFO = NO;
				MTL_FAST_MATH = YES;
				ONLY_ACTIVE_ARCH = YES;
				SDKROOT = iphoneos;
				SWIFT_ACTIVE_COMPILATION_CONDITIONS = QA;
				SWIFT_COMPILATION_MODE = wholemodule;
				SWIFT_OPTIMIZATION_LEVEL = "-O";
				VALIDATE_PRODUCT = YES;
			};
			name = "Release-QA";
		};
		A9000000000000000000000B /* Debug-Dev */ = {
			isa = XCBuildConfiguration;
			buildSettings = {
				AEGIS_APP_DISPLAY_NAME = "Aegis ID Dev";
				AEGIS_URL_SCHEME = "aegisid-dev";
				AEGIS_WEB_APP_BASE_URL = "https://vanguard-aegis-id-dev-0e75d1.azurewebsites.net";
				ASSETCATALOG_COMPILER_APPICON_NAME = AppIcon;
				ASSETCATALOG_COMPILER_INCLUDE_ALL_APPICON_ASSETS = YES;
				CODE_SIGN_ENTITLEMENTS = "VanguardAegisWallet/VanguardAegisWalletDebug-Dev.entitlements";
				CODE_SIGN_IDENTITY = "Apple Development";
				CODE_SIGN_STYLE = Automatic;
				CURRENT_PROJECT_VERSION = 1;
				DEVELOPMENT_TEAM = GL46AP73ZQ;
				GENERATE_INFOPLIST_FILE = NO;
				INFOPLIST_FILE = VanguardAegisWallet/Info.plist;
				INFOPLIST_KEY_CFBundleDisplayName = "Aegis ID Dev";
				INFOPLIST_KEY_LSApplicationCategoryType = "public.app-category.business";
				IPHONEOS_DEPLOYMENT_TARGET = 17.0;
				LD_RUNPATH_SEARCH_PATHS = (
					"$(inherited)",
					"@executable_path/Frameworks",
				);
				MARKETING_VERSION = 1.0;
				PRODUCT_BUNDLE_IDENTIFIER = ca.vanguardcs.aegisid.wallet.dev;
				PRODUCT_NAME = "$(TARGET_NAME)";
				PROVISIONING_PROFILE_SPECIFIER = "";
				SUPPORTED_PLATFORMS = "iphoneos iphonesimulator";
				SWIFT_EMIT_LOC_STRINGS = YES;
				SWIFT_VERSION = 5.0;
				TARGETED_DEVICE_FAMILY = "1,2";
			};
			name = "Debug-Dev";
		};
		A9000000000000000000000C /* Release-Dev */ = {
			isa = XCBuildConfiguration;
			buildSettings = {
				AEGIS_APP_DISPLAY_NAME = "Aegis ID Dev";
				AEGIS_URL_SCHEME = "aegisid-dev";
				AEGIS_WEB_APP_BASE_URL = "https://vanguard-aegis-id-dev-0e75d1.azurewebsites.net";
				ASSETCATALOG_COMPILER_APPICON_NAME = AppIcon;
				ASSETCATALOG_COMPILER_INCLUDE_ALL_APPICON_ASSETS = YES;
				CODE_SIGN_ENTITLEMENTS = "VanguardAegisWallet/VanguardAegisWallet-Dev.entitlements";
				CODE_SIGN_IDENTITY = "Apple Development";
				CODE_SIGN_STYLE = Automatic;
				CURRENT_PROJECT_VERSION = 1;
				DEVELOPMENT_TEAM = GL46AP73ZQ;
				GENERATE_INFOPLIST_FILE = NO;
				INFOPLIST_FILE = VanguardAegisWallet/Info.plist;
				INFOPLIST_KEY_CFBundleDisplayName = "Aegis ID Dev";
				INFOPLIST_KEY_LSApplicationCategoryType = "public.app-category.business";
				IPHONEOS_DEPLOYMENT_TARGET = 17.0;
				LD_RUNPATH_SEARCH_PATHS = (
					"$(inherited)",
					"@executable_path/Frameworks",
				);
				MARKETING_VERSION = 1.0;
				PRODUCT_BUNDLE_IDENTIFIER = ca.vanguardcs.aegisid.wallet.dev;
				PRODUCT_NAME = "$(TARGET_NAME)";
				PROVISIONING_PROFILE_SPECIFIER = "";
				SUPPORTED_PLATFORMS = "iphoneos iphonesimulator";
				SWIFT_EMIT_LOC_STRINGS = YES;
				SWIFT_VERSION = 5.0;
				TARGETED_DEVICE_FAMILY = "1,2";
			};
			name = "Release-Dev";
		};
		A9000000000000000000000D /* Debug-QA */ = {
			isa = XCBuildConfiguration;
			buildSettings = {
				AEGIS_APP_DISPLAY_NAME = "Aegis ID QA";
				AEGIS_URL_SCHEME = "aegisid-qa";
				AEGIS_WEB_APP_BASE_URL = "https://vanguard-aegis-id-qa-0e75d1.azurewebsites.net";
				ASSETCATALOG_COMPILER_APPICON_NAME = AppIcon;
				ASSETCATALOG_COMPILER_INCLUDE_ALL_APPICON_ASSETS = YES;
				CODE_SIGN_ENTITLEMENTS = "VanguardAegisWallet/VanguardAegisWallet-QA.entitlements";
				CODE_SIGN_IDENTITY = "Apple Development";
				CODE_SIGN_STYLE = Automatic;
				CURRENT_PROJECT_VERSION = 1;
				DEVELOPMENT_TEAM = GL46AP73ZQ;
				GENERATE_INFOPLIST_FILE = NO;
				INFOPLIST_FILE = VanguardAegisWallet/Info.plist;
				INFOPLIST_KEY_CFBundleDisplayName = "Aegis ID QA";
				INFOPLIST_KEY_LSApplicationCategoryType = "public.app-category.business";
				IPHONEOS_DEPLOYMENT_TARGET = 17.0;
				LD_RUNPATH_SEARCH_PATHS = (
					"$(inherited)",
					"@executable_path/Frameworks",
				);
				MARKETING_VERSION = 1.0;
				PRODUCT_BUNDLE_IDENTIFIER = ca.vanguardcs.aegisid.wallet.qa;
				PRODUCT_NAME = "$(TARGET_NAME)";
				PROVISIONING_PROFILE_SPECIFIER = "";
				SUPPORTED_PLATFORMS = "iphoneos iphonesimulator";
				SWIFT_EMIT_LOC_STRINGS = YES;
				SWIFT_VERSION = 5.0;
				TARGETED_DEVICE_FAMILY = "1,2";
			};
			name = "Debug-QA";
		};
		A9000000000000000000000E /* Release-QA */ = {
			isa = XCBuildConfiguration;
			buildSettings = {
				AEGIS_APP_DISPLAY_NAME = "Aegis ID QA";
				AEGIS_URL_SCHEME = "aegisid-qa";
				AEGIS_WEB_APP_BASE_URL = "https://vanguard-aegis-id-qa-0e75d1.azurewebsites.net";
				ASSETCATALOG_COMPILER_APPICON_NAME = AppIcon;
				ASSETCATALOG_COMPILER_INCLUDE_ALL_APPICON_ASSETS = YES;
				CODE_SIGN_ENTITLEMENTS = "VanguardAegisWallet/VanguardAegisWallet-QA.entitlements";
				CODE_SIGN_IDENTITY = "Apple Development";
				CODE_SIGN_STYLE = Automatic;
				CURRENT_PROJECT_VERSION = 1;
				DEVELOPMENT_TEAM = GL46AP73ZQ;
				GENERATE_INFOPLIST_FILE = NO;
				INFOPLIST_FILE = VanguardAegisWallet/Info.plist;
				INFOPLIST_KEY_CFBundleDisplayName = "Aegis ID QA";
				INFOPLIST_KEY_LSApplicationCategoryType = "public.app-category.business";
				IPHONEOS_DEPLOYMENT_TARGET = 17.0;
				LD_RUNPATH_SEARCH_PATHS = (
					"$(inherited)",
					"@executable_path/Frameworks",
				);
				MARKETING_VERSION = 1.0;
				PRODUCT_BUNDLE_IDENTIFIER = ca.vanguardcs.aegisid.wallet.qa;
				PRODUCT_NAME = "$(TARGET_NAME)";
				PROVISIONING_PROFILE_SPECIFIER = "";
				SUPPORTED_PLATFORMS = "iphoneos iphonesimulator";
				SWIFT_EMIT_LOC_STRINGS = YES;
				SWIFT_VERSION = 5.0;
				TARGETED_DEVICE_FAMILY = "1,2";
			};
			name = "Release-QA";
		};
		E30234212FE3A971002A4B71 /* Debug-Dev copy */ = {
			isa = XCBuildConfiguration;
			buildSettings = {
				ALWAYS_SEARCH_USER_PATHS = NO;
				CLANG_ANALYZER_NONNULL = YES;
				CLANG_ANALYZER_NUMBER_OBJECT_CONVERSION = YES_AGGRESSIVE;
				CLANG_CXX_LANGUAGE_STANDARD = "gnu++20";
				CLANG_ENABLE_MODULES = YES;
				CLANG_ENABLE_OBJC_ARC = YES;
				CLANG_ENABLE_OBJC_WEAK = YES;
				CLANG_WARN_BLOCK_CAPTURE_AUTORELEASING = YES;
				CLANG_WARN_BOOL_CONVERSION = YES;
				CLANG_WARN_COMMA = YES;
				CLANG_WARN_CONSTANT_CONVERSION = YES;
				CLANG_WARN_DEPRECATED_OBJC_IMPLEMENTATIONS = YES;
				CLANG_WARN_DIRECT_OBJC_ISA_USAGE = YES_ERROR;
				CLANG_WARN_DOCUMENTATION_COMMENTS = YES;
				CLANG_WARN_EMPTY_BODY = YES;
				CLANG_WARN_ENUM_CONVERSION = YES;
				CLANG_WARN_INFINITE_RECURSION = YES;
				CLANG_WARN_INT_CONVERSION = YES;
				CLANG_WARN_NON_LITERAL_NULL_CONVERSION = YES;
				CLANG_WARN_OBJC_IMPLICIT_RETAIN_SELF = YES;
				CLANG_WARN_OBJC_LITERAL_CONVERSION = YES;
				CLANG_WARN_OBJC_ROOT_CLASS = YES_ERROR;
				CLANG_WARN_QUOTED_INCLUDE_IN_FRAMEWORK_HEADER = YES;
				CLANG_WARN_RANGE_LOOP_ANALYSIS = YES;
				CLANG_WARN_STRICT_PROTOTYPES = YES;
				CLANG_WARN_SUSPICIOUS_MOVE = YES;
				CLANG_WARN_UNGUARDED_AVAILABILITY = YES_AGGRESSIVE;
				CLANG_WARN_UNREACHABLE_CODE = YES;
				CLANG_WARN__DUPLICATE_METHOD_MATCH = YES;
				COPY_PHASE_STRIP = NO;
				DEBUG_INFORMATION_FORMAT = dwarf;
				ENABLE_STRICT_OBJC_MSGSEND = YES;
				ENABLE_TESTABILITY = YES;
				GCC_C_LANGUAGE_STANDARD = gnu17;
				GCC_DYNAMIC_NO_PIC = NO;
				GCC_NO_COMMON_BLOCKS = YES;
				GCC_OPTIMIZATION_LEVEL = 0;
				GCC_PREPROCESSOR_DEFINITIONS = (
					"DEBUG=1",
					"$(inherited)",
				);
				GCC_WARN_64_TO_32_BIT_CONVERSION = YES;
				GCC_WARN_ABOUT_RETURN_TYPE = YES_ERROR;
				GCC_WARN_UNDECLARED_SELECTOR = YES;
				GCC_WARN_UNINITIALIZED_AUTOS = YES_AGGRESSIVE;
				GCC_WARN_UNUSED_FUNCTION = YES;
				GCC_WARN_UNUSED_VARIABLE = YES;
				IPHONEOS_DEPLOYMENT_TARGET = 17.0;
				MTL_ENABLE_DEBUG_INFO = INCLUDE_SOURCE;
				MTL_FAST_MATH = YES;
				ONLY_ACTIVE_ARCH = YES;
				SDKROOT = iphoneos;
				SWIFT_ACTIVE_COMPILATION_CONDITIONS = "DEBUG DEV";
				SWIFT_OPTIMIZATION_LEVEL = "-Onone";
				VALIDATE_PRODUCT = YES;
			};
			name = "Debug-Dev copy";
		};
		E30234222FE3A971002A4B71 /* Debug-Dev copy */ = {
			isa = XCBuildConfiguration;
			buildSettings = {
				AEGIS_APP_DISPLAY_NAME = "Aegis ID Dev";
				AEGIS_URL_SCHEME = "aegisid-dev";
				AEGIS_WEB_APP_BASE_URL = "https://vanguard-aegis-id-dev-0e75d1.azurewebsites.net";
				ASSETCATALOG_COMPILER_APPICON_NAME = AppIcon;
				ASSETCATALOG_COMPILER_INCLUDE_ALL_APPICON_ASSETS = YES;
				CODE_SIGN_ENTITLEMENTS = "VanguardAegisWallet/VanguardAegisWallet-Dev.entitlements";
				CODE_SIGN_IDENTITY = "Apple Development";
				CODE_SIGN_STYLE = Automatic;
				CURRENT_PROJECT_VERSION = 1;
				DEVELOPMENT_TEAM = GL46AP73ZQ;
				GENERATE_INFOPLIST_FILE = NO;
				INFOPLIST_FILE = VanguardAegisWallet/Info.plist;
				INFOPLIST_KEY_CFBundleDisplayName = "Aegis ID Dev";
				INFOPLIST_KEY_LSApplicationCategoryType = "public.app-category.business";
				IPHONEOS_DEPLOYMENT_TARGET = 17.0;
				LD_RUNPATH_SEARCH_PATHS = (
					"$(inherited)",
					"@executable_path/Frameworks",
				);
				MARKETING_VERSION = 1.0;
				PRODUCT_BUNDLE_IDENTIFIER = ca.vanguardcs.aegisid.wallet.dev;
				PRODUCT_NAME = "$(TARGET_NAME)";
				PROVISIONING_PROFILE_SPECIFIER = "";
				SUPPORTED_PLATFORMS = "iphoneos iphonesimulator";
				SWIFT_EMIT_LOC_STRINGS = YES;
				SWIFT_VERSION = 5.0;
				TARGETED_DEVICE_FAMILY = "1,2";
			};
			name = "Debug-Dev copy";
		};
		E3AA00000000000000000001 /* Debug-Local */ = {
			isa = XCBuildConfiguration;
			buildSettings = {
				ALWAYS_SEARCH_USER_PATHS = NO;
				CLANG_ANALYZER_NONNULL = YES;
				CLANG_ANALYZER_NUMBER_OBJECT_CONVERSION = YES_AGGRESSIVE;
				CLANG_CXX_LANGUAGE_STANDARD = "gnu++20";
				CLANG_ENABLE_MODULES = YES;
				CLANG_ENABLE_OBJC_ARC = YES;
				CLANG_ENABLE_OBJC_WEAK = YES;
				CLANG_WARN_BLOCK_CAPTURE_AUTORELEASING = YES;
				CLANG_WARN_BOOL_CONVERSION = YES;
				CLANG_WARN_COMMA = YES;
				CLANG_WARN_CONSTANT_CONVERSION = YES;
				CLANG_WARN_DEPRECATED_OBJC_IMPLEMENTATIONS = YES;
				CLANG_WARN_DIRECT_OBJC_ISA_USAGE = YES_ERROR;
				CLANG_WARN_DOCUMENTATION_COMMENTS = YES;
				CLANG_WARN_EMPTY_BODY = YES;
				CLANG_WARN_ENUM_CONVERSION = YES;
				CLANG_WARN_INFINITE_RECURSION = YES;
				CLANG_WARN_INT_CONVERSION = YES;
				CLANG_WARN_NON_LITERAL_NULL_CONVERSION = YES;
				CLANG_WARN_OBJC_IMPLICIT_RETAIN_SELF = YES;
				CLANG_WARN_OBJC_LITERAL_CONVERSION = YES;
				CLANG_WARN_OBJC_ROOT_CLASS = YES_ERROR;
				CLANG_WARN_QUOTED_INCLUDE_IN_FRAMEWORK_HEADER = YES;
				CLANG_WARN_RANGE_LOOP_ANALYSIS = YES;
				CLANG_WARN_STRICT_PROTOTYPES = YES;
				CLANG_WARN_SUSPICIOUS_MOVE = YES;
				CLANG_WARN_UNGUARDED_AVAILABILITY = YES_AGGRESSIVE;
				CLANG_WARN_UNREACHABLE_CODE = YES;
				CLANG_WARN__DUPLICATE_METHOD_MATCH = YES;
				COPY_PHASE_STRIP = NO;
				DEBUG_INFORMATION_FORMAT = dwarf;
				ENABLE_STRICT_OBJC_MSGSEND = YES;
				ENABLE_TESTABILITY = YES;
				GCC_C_LANGUAGE_STANDARD = gnu17;
				GCC_DYNAMIC_NO_PIC = NO;
				GCC_NO_COMMON_BLOCKS = YES;
				GCC_OPTIMIZATION_LEVEL = 0;
				GCC_PREPROCESSOR_DEFINITIONS = (
					"DEBUG=1",
					"$(inherited)",
				);
				GCC_WARN_64_TO_32_BIT_CONVERSION = YES;
				GCC_WARN_ABOUT_RETURN_TYPE = YES_ERROR;
				GCC_WARN_UNDECLARED_SELECTOR = YES;
				GCC_WARN_UNINITIALIZED_AUTOS = YES_AGGRESSIVE;
				GCC_WARN_UNUSED_FUNCTION = YES;
				GCC_WARN_UNUSED_VARIABLE = YES;
				IPHONEOS_DEPLOYMENT_TARGET = 17.0;
				MTL_ENABLE_DEBUG_INFO = INCLUDE_SOURCE;
				MTL_FAST_MATH = YES;
				ONLY_ACTIVE_ARCH = YES;
				SDKROOT = iphoneos;
				SWIFT_ACTIVE_COMPILATION_CONDITIONS = "DEBUG DEV";
				SWIFT_OPTIMIZATION_LEVEL = "-Onone";
				VALIDATE_PRODUCT = YES;
			};
			name = "Debug-Local";
		};
		E3AA00000000000000000002 /* Debug-Local */ = {
			isa = XCBuildConfiguration;
			buildSettings = {
				AEGIS_APP_DISPLAY_NAME = "Aegis ID Dev";
				AEGIS_URL_SCHEME = "aegisid-local";
				AEGIS_WEB_APP_BASE_URL = "http://localhost:3000";
				ASSETCATALOG_COMPILER_APPICON_NAME = AppIcon;
				ASSETCATALOG_COMPILER_INCLUDE_ALL_APPICON_ASSETS = YES;
				CODE_SIGN_ENTITLEMENTS = "VanguardAegisWallet/VanguardAegisWalletDebug-Dev.entitlements";
				CODE_SIGN_IDENTITY = "Apple Development";
				CODE_SIGN_STYLE = Automatic;
				CURRENT_PROJECT_VERSION = 1;
				DEVELOPMENT_TEAM = GL46AP73ZQ;
				GENERATE_INFOPLIST_FILE = NO;
				INFOPLIST_FILE = VanguardAegisWallet/Info.plist;
				INFOPLIST_KEY_CFBundleDisplayName = "Aegis ID Dev";
				INFOPLIST_KEY_LSApplicationCategoryType = "public.app-category.business";
				IPHONEOS_DEPLOYMENT_TARGET = 17.0;
				LD_RUNPATH_SEARCH_PATHS = (
					"$(inherited)",
					"@executable_path/Frameworks",
				);
				MARKETING_VERSION = 1.0;
				PRODUCT_BUNDLE_IDENTIFIER = ca.vanguardcs.aegisid.wallet.dev;
				PRODUCT_NAME = "$(TARGET_NAME)";
				PROVISIONING_PROFILE_SPECIFIER = "";
				SUPPORTED_PLATFORMS = "iphoneos iphonesimulator";
				SWIFT_EMIT_LOC_STRINGS = YES;
				SWIFT_VERSION = 5.0;
				TARGETED_DEVICE_FAMILY = "1,2";
			};
			name = "Debug-Local";
		};
/* End XCBuildConfiguration section */

/* Begin XCConfigurationList section */
		B00000000000000000000007 /* Build configuration list for PBXNativeTarget "AegisPasskeyProvider" */ = {
			isa = XCConfigurationList;
			buildConfigurations = (
				B00000000000000000000040 /* Debug */,
				B00000000000000000000041 /* Release */,
				B00000000000000000000042 /* Debug-Dev */,
				B00000000000000000000043 /* Debug-Local */,
				B00000000000000000000044 /* Debug-Dev copy */,
				B00000000000000000000045 /* Release-Dev */,
				B00000000000000000000046 /* Debug-QA */,
				B00000000000000000000047 /* Release-QA */,
			);
			defaultConfigurationIsVisible = 0;
			defaultConfigurationName = Debug;
		};
		A90000000000000000000001 /* Build configuration list for PBXProject "VanguardAegisWallet" */ = {
			isa = XCConfigurationList;
			buildConfigurations = (
				A90000000000000000000003 /* Debug */,
				A90000000000000000000004 /* Release */,
				A90000000000000000000007 /* Debug-Dev */,
				E3AA00000000000000000001 /* Debug-Local */,
				E30234212FE3A971002A4B71 /* Debug-Dev copy */,
				A90000000000000000000008 /* Release-Dev */,
				A90000000000000000000009 /* Debug-QA */,
				A9000000000000000000000A /* Release-QA */,
			);
			defaultConfigurationIsVisible = 0;
			defaultConfigurationName = Debug;
		};
		A90000000000000000000002 /* Build configuration list for PBXNativeTarget "VanguardAegisWallet" */ = {
			isa = XCConfigurationList;
			buildConfigurations = (
				A90000000000000000000005 /* Debug */,
				A90000000000000000000006 /* Release */,
				A9000000000000000000000B /* Debug-Dev */,
				E3AA00000000000000000002 /* Debug-Local */,
				E30234222FE3A971002A4B71 /* Debug-Dev copy */,
				A9000000000000000000000C /* Release-Dev */,
				A9000000000000000000000D /* Debug-QA */,
				A9000000000000000000000E /* Release-QA */,
			);
			defaultConfigurationIsVisible = 0;
			defaultConfigurationName = Debug;
		};
/* End XCConfigurationList section */
	};
	rootObject = A60000000000000000000001 /* Project object */;
}
